
Microsoft Visual Studio Solution File, Format Version 12.00
# Visual Studio 15
VisualStudioVersion = 15.0.27703.2042
MinimumVisualStudioVersion = 10.0.40219.1
Project("{8BC9CEB8-8B4A-11D0-8D11-00A0C91BC942}") = "question45", "question45\question45.vcxproj", "{6BCD1E25-9696-435D-BE8D-079D91253BFB}"
EndProject
Global
	GlobalSection(SolutionConfigurationPlatforms) = preSolution
		Debug|x64 = Debug|x64
		Debug|x86 = Debug|x86
		Release|x64 = Release|x64
		Release|x86 = Release|x86
	EndGlobalSection
	GlobalSection(ProjectConfigurationPlatforms) = postSolution
		{6BCD1E25-9696-435D-BE8D-079D91253BFB}.Debug|x64.ActiveCfg = Debug|x64
		{6BCD1E25-9696-435D-BE8D-079D91253BFB}.Debug|x64.Build.0 = Debug|x64
		{6BCD1E25-9696-435D-BE8D-079D91253BFB}.Debug|x86.ActiveCfg = Debug|Win32
		{6BCD1E25-9696-435D-BE8D-079D91253BFB}.Debug|x86.Build.0 = Debug|Win32
		{6BCD1E25-9696-435D-BE8D-079D91253BFB}.Release|x64.ActiveCfg = Release|x64
		{6BCD1E25-9696-435D-BE8D-079D91253BFB}.Release|x64.Build.0 = Release|x64
		{6BCD1E25-9696-435D-BE8D-079D91253BFB}.Release|x86.ActiveCfg = Release|Win32
		{6BCD1E25-9696-435D-BE8D-079D91253BFB}.Release|x86.Build.0 = Release|Win32
	EndGlobalSection
	GlobalSection(SolutionProperties) = preSolution
		HideSolutionNode = FALSE
	EndGlobalSection
	GlobalSection(ExtensibilityGlobals) = postSolution
		SolutionGuid = {4BD85C08-89D1-4A1E-8243-0927CCC002DA}
	EndGlobalSection
EndGlobal
