
Microsoft Visual Studio Solution File, Format Version 12.00
# Visual Studio 15
VisualStudioVersion = 15.0.27703.2042
MinimumVisualStudioVersion = 10.0.40219.1
Project("{8BC9CEB8-8B4A-11D0-8D11-00A0C91BC942}") = "qusetion28", "qusetion28\qusetion28.vcxproj", "{A5FBCAD9-6D79-4B7F-8C04-EFC2BD09ED3F}"
EndProject
Global
	GlobalSection(SolutionConfigurationPlatforms) = preSolution
		Debug|x64 = Debug|x64
		Debug|x86 = Debug|x86
		Release|x64 = Release|x64
		Release|x86 = Release|x86
	EndGlobalSection
	GlobalSection(ProjectConfigurationPlatforms) = postSolution
		{A5FBCAD9-6D79-4B7F-8C04-EFC2BD09ED3F}.Debug|x64.ActiveCfg = Debug|x64
		{A5FBCAD9-6D79-4B7F-8C04-EFC2BD09ED3F}.Debug|x64.Build.0 = Debug|x64
		{A5FBCAD9-6D79-4B7F-8C04-EFC2BD09ED3F}.Debug|x86.ActiveCfg = Debug|Win32
		{A5FBCAD9-6D79-4B7F-8C04-EFC2BD09ED3F}.Debug|x86.Build.0 = Debug|Win32
		{A5FBCAD9-6D79-4B7F-8C04-EFC2BD09ED3F}.Release|x64.ActiveCfg = Release|x64
		{A5FBCAD9-6D79-4B7F-8C04-EFC2BD09ED3F}.Release|x64.Build.0 = Release|x64
		{A5FBCAD9-6D79-4B7F-8C04-EFC2BD09ED3F}.Release|x86.ActiveCfg = Release|Win32
		{A5FBCAD9-6D79-4B7F-8C04-EFC2BD09ED3F}.Release|x86.Build.0 = Release|Win32
	EndGlobalSection
	GlobalSection(SolutionProperties) = preSolution
		HideSolutionNode = FALSE
	EndGlobalSection
	GlobalSection(ExtensibilityGlobals) = postSolution
		SolutionGuid = {3DEA717C-37EA-4D19-88C2-D9BEADD592C4}
	EndGlobalSection
EndGlobal
