
Microsoft Visual Studio Solution File, Format Version 12.00
# Visual Studio 15
VisualStudioVersion = 15.0.27703.2042
MinimumVisualStudioVersion = 10.0.40219.1
Project("{8BC9CEB8-8B4A-11D0-8D11-00A0C91BC942}") = "question10", "question10\question10.vcxproj", "{C1E396BA-AF85-49F0-82C1-885A6EB37AE6}"
EndProject
Global
	GlobalSection(SolutionConfigurationPlatforms) = preSolution
		Debug|x64 = Debug|x64
		Debug|x86 = Debug|x86
		Release|x64 = Release|x64
		Release|x86 = Release|x86
	EndGlobalSection
	GlobalSection(ProjectConfigurationPlatforms) = postSolution
		{C1E396BA-AF85-49F0-82C1-885A6EB37AE6}.Debug|x64.ActiveCfg = Debug|x64
		{C1E396BA-AF85-49F0-82C1-885A6EB37AE6}.Debug|x64.Build.0 = Debug|x64
		{C1E396BA-AF85-49F0-82C1-885A6EB37AE6}.Debug|x86.ActiveCfg = Debug|Win32
		{C1E396BA-AF85-49F0-82C1-885A6EB37AE6}.Debug|x86.Build.0 = Debug|Win32
		{C1E396BA-AF85-49F0-82C1-885A6EB37AE6}.Release|x64.ActiveCfg = Release|x64
		{C1E396BA-AF85-49F0-82C1-885A6EB37AE6}.Release|x64.Build.0 = Release|x64
		{C1E396BA-AF85-49F0-82C1-885A6EB37AE6}.Release|x86.ActiveCfg = Release|Win32
		{C1E396BA-AF85-49F0-82C1-885A6EB37AE6}.Release|x86.Build.0 = Release|Win32
	EndGlobalSection
	GlobalSection(SolutionProperties) = preSolution
		HideSolutionNode = FALSE
	EndGlobalSection
	GlobalSection(ExtensibilityGlobals) = postSolution
		SolutionGuid = {7E3F81AD-639F-4536-9F8F-282E616CEF22}
	EndGlobalSection
EndGlobal
