
Microsoft Visual Studio Solution File, Format Version 12.00
# Visual Studio 15
VisualStudioVersion = 15.0.27703.2042
MinimumVisualStudioVersion = 10.0.40219.1
Project("{8BC9CEB8-8B4A-11D0-8D11-00A0C91BC942}") = "qusetion15", "qusetion15\qusetion15.vcxproj", "{23896296-10D5-4C98-9E2F-9E2C6410689A}"
EndProject
Global
	GlobalSection(SolutionConfigurationPlatforms) = preSolution
		Debug|x64 = Debug|x64
		Debug|x86 = Debug|x86
		Release|x64 = Release|x64
		Release|x86 = Release|x86
	EndGlobalSection
	GlobalSection(ProjectConfigurationPlatforms) = postSolution
		{23896296-10D5-4C98-9E2F-9E2C6410689A}.Debug|x64.ActiveCfg = Debug|x64
		{23896296-10D5-4C98-9E2F-9E2C6410689A}.Debug|x64.Build.0 = Debug|x64
		{23896296-10D5-4C98-9E2F-9E2C6410689A}.Debug|x86.ActiveCfg = Debug|Win32
		{23896296-10D5-4C98-9E2F-9E2C6410689A}.Debug|x86.Build.0 = Debug|Win32
		{23896296-10D5-4C98-9E2F-9E2C6410689A}.Release|x64.ActiveCfg = Release|x64
		{23896296-10D5-4C98-9E2F-9E2C6410689A}.Release|x64.Build.0 = Release|x64
		{23896296-10D5-4C98-9E2F-9E2C6410689A}.Release|x86.ActiveCfg = Release|Win32
		{23896296-10D5-4C98-9E2F-9E2C6410689A}.Release|x86.Build.0 = Release|Win32
	EndGlobalSection
	GlobalSection(SolutionProperties) = preSolution
		HideSolutionNode = FALSE
	EndGlobalSection
	GlobalSection(ExtensibilityGlobals) = postSolution
		SolutionGuid = {196FC5CF-F3C3-4AE9-8092-0F7982BF9FEE}
	EndGlobalSection
EndGlobal
