
Microsoft Visual Studio Solution File, Format Version 12.00
# Visual Studio 15
VisualStudioVersion = 15.0.27703.2042
MinimumVisualStudioVersion = 10.0.40219.1
Project("{8BC9CEB8-8B4A-11D0-8D11-00A0C91BC942}") = "question_2", "question_2\question_2.vcxproj", "{C08A6F73-EF0F-4569-8890-A0B03E5326D9}"
EndProject
Global
	GlobalSection(SolutionConfigurationPlatforms) = preSolution
		Debug|x64 = Debug|x64
		Debug|x86 = Debug|x86
		Release|x64 = Release|x64
		Release|x86 = Release|x86
	EndGlobalSection
	GlobalSection(ProjectConfigurationPlatforms) = postSolution
		{C08A6F73-EF0F-4569-8890-A0B03E5326D9}.Debug|x64.ActiveCfg = Debug|x64
		{C08A6F73-EF0F-4569-8890-A0B03E5326D9}.Debug|x64.Build.0 = Debug|x64
		{C08A6F73-EF0F-4569-8890-A0B03E5326D9}.Debug|x86.ActiveCfg = Debug|Win32
		{C08A6F73-EF0F-4569-8890-A0B03E5326D9}.Debug|x86.Build.0 = Debug|Win32
		{C08A6F73-EF0F-4569-8890-A0B03E5326D9}.Release|x64.ActiveCfg = Release|x64
		{C08A6F73-EF0F-4569-8890-A0B03E5326D9}.Release|x64.Build.0 = Release|x64
		{C08A6F73-EF0F-4569-8890-A0B03E5326D9}.Release|x86.ActiveCfg = Release|Win32
		{C08A6F73-EF0F-4569-8890-A0B03E5326D9}.Release|x86.Build.0 = Release|Win32
	EndGlobalSection
	GlobalSection(SolutionProperties) = preSolution
		HideSolutionNode = FALSE
	EndGlobalSection
	GlobalSection(ExtensibilityGlobals) = postSolution
		SolutionGuid = {EE9DA896-35CF-4E3D-8C8B-75569B2ABFC5}
	EndGlobalSection
EndGlobal
