
Microsoft Visual Studio Solution File, Format Version 12.00
# Visual Studio 15
VisualStudioVersion = 15.0.27703.2042
MinimumVisualStudioVersion = 10.0.40219.1
Project("{8BC9CEB8-8B4A-11D0-8D11-00A0C91BC942}") = "question1", "question1\question1.vcxproj", "{DDED05BB-51E3-4200-A7E0-7190D5894C7F}"
EndProject
Global
	GlobalSection(SolutionConfigurationPlatforms) = preSolution
		Debug|x64 = Debug|x64
		Debug|x86 = Debug|x86
		Release|x64 = Release|x64
		Release|x86 = Release|x86
	EndGlobalSection
	GlobalSection(ProjectConfigurationPlatforms) = postSolution
		{DDED05BB-51E3-4200-A7E0-7190D5894C7F}.Debug|x64.ActiveCfg = Debug|x64
		{DDED05BB-51E3-4200-A7E0-7190D5894C7F}.Debug|x64.Build.0 = Debug|x64
		{DDED05BB-51E3-4200-A7E0-7190D5894C7F}.Debug|x86.ActiveCfg = Debug|Win32
		{DDED05BB-51E3-4200-A7E0-7190D5894C7F}.Debug|x86.Build.0 = Debug|Win32
		{DDED05BB-51E3-4200-A7E0-7190D5894C7F}.Release|x64.ActiveCfg = Release|x64
		{DDED05BB-51E3-4200-A7E0-7190D5894C7F}.Release|x64.Build.0 = Release|x64
		{DDED05BB-51E3-4200-A7E0-7190D5894C7F}.Release|x86.ActiveCfg = Release|Win32
		{DDED05BB-51E3-4200-A7E0-7190D5894C7F}.Release|x86.Build.0 = Release|Win32
	EndGlobalSection
	GlobalSection(SolutionProperties) = preSolution
		HideSolutionNode = FALSE
	EndGlobalSection
	GlobalSection(ExtensibilityGlobals) = postSolution
		SolutionGuid = {88C0D6B1-86DF-4696-B9B9-161B8C1A0397}
	EndGlobalSection
EndGlobal
