
Microsoft Visual Studio Solution File, Format Version 12.00
# Visual Studio 15
VisualStudioVersion = 15.0.27703.2042
MinimumVisualStudioVersion = 10.0.40219.1
Project("{8BC9CEB8-8B4A-11D0-8D11-00A0C91BC942}") = "question59_2", "question59_2\question59_2.vcxproj", "{0B0EDE22-E126-4CF0-8014-BC17FFCF38F2}"
EndProject
Global
	GlobalSection(SolutionConfigurationPlatforms) = preSolution
		Debug|x64 = Debug|x64
		Debug|x86 = Debug|x86
		Release|x64 = Release|x64
		Release|x86 = Release|x86
	EndGlobalSection
	GlobalSection(ProjectConfigurationPlatforms) = postSolution
		{0B0EDE22-E126-4CF0-8014-BC17FFCF38F2}.Debug|x64.ActiveCfg = Debug|x64
		{0B0EDE22-E126-4CF0-8014-BC17FFCF38F2}.Debug|x64.Build.0 = Debug|x64
		{0B0EDE22-E126-4CF0-8014-BC17FFCF38F2}.Debug|x86.ActiveCfg = Debug|Win32
		{0B0EDE22-E126-4CF0-8014-BC17FFCF38F2}.Debug|x86.Build.0 = Debug|Win32
		{0B0EDE22-E126-4CF0-8014-BC17FFCF38F2}.Release|x64.ActiveCfg = Release|x64
		{0B0EDE22-E126-4CF0-8014-BC17FFCF38F2}.Release|x64.Build.0 = Release|x64
		{0B0EDE22-E126-4CF0-8014-BC17FFCF38F2}.Release|x86.ActiveCfg = Release|Win32
		{0B0EDE22-E126-4CF0-8014-BC17FFCF38F2}.Release|x86.Build.0 = Release|Win32
	EndGlobalSection
	GlobalSection(SolutionProperties) = preSolution
		HideSolutionNode = FALSE
	EndGlobalSection
	GlobalSection(ExtensibilityGlobals) = postSolution
		SolutionGuid = {84CCFD3B-7106-4598-A26C-2984898C8A6A}
	EndGlobalSection
EndGlobal
